<?xml version="1.0" encoding="utf-8"?>
<Project ToolsVersion="4.0" xmlns="http://schemas.microsoft.com/developer/msbuild/2003">
  <ItemGroup>
    <Filter Include="Resource Files">
      <UniqueIdentifier>{67DA6AB6-F800-4c08-8B7A-83BB121AAD01}</UniqueIdentifier>
      <Extensions>rc;ico;cur;bmp;dlg;rc2;rct;bin;rgs;gif;jpg;jpeg;jpe;resx;tiff;tif;png;wav;mfcribbon-ms</Extensions>
    </Filter>
    <Filter Include="Math">
      <UniqueIdentifier>{37e7d46e-06fd-453c-a5cc-79d375c3b1f1}</UniqueIdentifier>
    </Filter>
    <Filter Include="Math\Header Files">
      <UniqueIdentifier>{93995380-89BD-4b04-88EB-625FBE52EBFB}</UniqueIdentifier>
      <Extensions>h;hh;hpp;hxx;hm;inl;inc;ipp;xsd</Extensions>
    </Filter>
    <Filter Include="Math\Source Files">
      <UniqueIdentifier>{4FC737F1-C7A5-4376-A066-2A32D752A2FF}</UniqueIdentifier>
      <Extensions>cpp;c;cc;cxx;def;odl;idl;hpj;bat;asm;asmx</Extensions>
    </Filter>
    <Filter Include="Source Files">
      <UniqueIdentifier>{a055882f-f196-4c68-825c-e1fe91505808}</UniqueIdentifier>
    </Filter>
    <Filter Include="Raytracer">
      <UniqueIdentifier>{2b5ce2f4-9caa-4e11-a0ab-d89fa7d225af}</UniqueIdentifier>
    </Filter>
    <Filter Include="Raytracer\Header Files">
      <UniqueIdentifier>{dabceb97-f7be-47f0-9419-765d5f44e2a6}</UniqueIdentifier>
    </Filter>
  </ItemGroup>
  <ItemGroup>
    <ClCompile Include="main.cpp">
      <Filter>Source Files</Filter>
    </ClCompile>
  </ItemGroup>
  <ItemGroup>
    <ClInclude Include="Math\include\Vec3.h">
      <Filter>Math\Header Files</Filter>
    </ClInclude>
    <ClInclude Include="Raytracer\include\Ray.h">
      <Filter>Raytracer\Header Files</Filter>
    </ClInclude>
    <ClInclude Include="Math\include\Utilities.h">
      <Filter>Math\Header Files</Filter>
    </ClInclude>
    <ClInclude Include="Objects\include\hitable.h">
      <Filter>Math\Header Files</Filter>
    </ClInclude>
    <ClInclude Include="Objects\include\sphere.h">
      <Filter>Math\Header Files</Filter>
    </ClInclude>
    <ClInclude Include="Objects\include\HitableList.h">
      <Filter>Math\Header Files</Filter>
    </ClInclude>
    <ClInclude Include="Camera\include\camera.h">
      <Filter>Math\Header Files</Filter>
    </ClInclude>
    <ClInclude Include="Materials\include\material.h">
      <Filter>Math\Header Files</Filter>
    </ClInclude>
    <ClInclude Include="Materials\include\lambertian.h">
      <Filter>Math\Header Files</Filter>
    </ClInclude>
    <ClInclude Include="Materials\include\metal.h">
      <Filter>Math\Header Files</Filter>
    </ClInclude>
    <ClInclude Include="Materials\include\dielectric.h">
      <Filter>Math\Header Files</Filter>
    </ClInclude>
  </ItemGroup>
</Project>